[[package]]
name = "asgiref"
version = "3.11.0"
description = "ASGI specs and utility libraries"
optional = false
python-versions = ">=3.8"
files = []

[[package]]
name = "django"
version = "5.0.6"
description = "A high-level Python web framework that encourages rapid development and clean, pragmatic design."
optional = false
python-versions = ">=3.10"
files = []

[[package]]
name = "django-environ"
version = "0.11.2"
description = "A package that allows you to utilize 12factor inspired environment variables to configure your Django application."
optional = false
python-versions = ">=3.8"
files = []

[[package]]
name = "pytest"
version = "9.1.1"
description = "pytest: simple powerful testing with Python"
optional = false
python-versions = ">=3.8"
files = []

[[package]]
name = "pytest-django"
version = "4.14.0"
description = "A Django plugin for pytest."
optional = false
python-versions = ">=3.8"
files = []

[[package]]
name = "pytest-cov"
version = "7.1.0"
description = "Pytest plugin for measuring coverage."
optional = false
python-versions = ">=3.8"
files = []

[[package]]
name = "sqlparse"
version = "0.5.5"
description = "A non-validating SQL parser."
optional = false
python-versions = ">=3.8"
files = []

[[package]]
name = "tzdata"
version = "2025.3"
description = "Provider of IANA time zone data"
optional = false
python-versions = ">=2"
files = []

[metadata]
lock-version = "2.1"
python-versions = ">=3.11"
content-hash = "edutrack-enterprise-2026-production"
